
Microsoft Visual Studio Solution File, Format Version 12.00
# Visual Studio Version 16
VisualStudioVersion = 16.0.30128.74
MinimumVisualStudioVersion = 10.0.40219.1
Project("{9A19103F-16F7-4668-BE54-9A1E7A4F7556}") = "SEDC.UnitTesting.SUT", "SEDC.UnitTesting.SUT\SEDC.UnitTesting.SUT.csproj", "{353136F6-2385-4A9D-B27F-DF82DDBA67F5}"
EndProject
Project("{FAE04EC0-301F-11D3-BF4B-00C04F79EFBC}") = "SEDC.UnitTesting.SUT.Tests", "SEDC.UnitTesting.SUT.Tests\SEDC.UnitTesting.SUT.Tests.csproj", "{625FE468-84C6-4B96-86AC-119C5EEBB543}"
EndProject
Project("{FAE04EC0-301F-11D3-BF4B-00C04F79EFBC}") = "SEDC.UnitTesting.SUT.CustomTests", "SEDC.UnitTesting.SUT.CustomTests\SEDC.UnitTesting.SUT.CustomTests.csproj", "{C9A56B47-996F-4AF8-91CF-BCA06144C1DB}"
EndProject
Global
	GlobalSection(SolutionConfigurationPlatforms) = preSolution
		Debug|Any CPU = Debug|Any CPU
		Release|Any CPU = Release|Any CPU
	EndGlobalSection
	GlobalSection(ProjectConfigurationPlatforms) = postSolution
		{353136F6-2385-4A9D-B27F-DF82DDBA67F5}.Debug|Any CPU.ActiveCfg = Debug|Any CPU
		{353136F6-2385-4A9D-B27F-DF82DDBA67F5}.Debug|Any CPU.Build.0 = Debug|Any CPU
		{353136F6-2385-4A9D-B27F-DF82DDBA67F5}.Release|Any CPU.ActiveCfg = Release|Any CPU
		{353136F6-2385-4A9D-B27F-DF82DDBA67F5}.Release|Any CPU.Build.0 = Release|Any CPU
		{625FE468-84C6-4B96-86AC-119C5EEBB543}.Debug|Any CPU.ActiveCfg = Debug|Any CPU
		{625FE468-84C6-4B96-86AC-119C5EEBB543}.Debug|Any CPU.Build.0 = Debug|Any CPU
		{625FE468-84C6-4B96-86AC-119C5EEBB543}.Release|Any CPU.ActiveCfg = Release|Any CPU
		{625FE468-84C6-4B96-86AC-119C5EEBB543}.Release|Any CPU.Build.0 = Release|Any CPU
		{C9A56B47-996F-4AF8-91CF-BCA06144C1DB}.Debug|Any CPU.ActiveCfg = Debug|Any CPU
		{C9A56B47-996F-4AF8-91CF-BCA06144C1DB}.Debug|Any CPU.Build.0 = Debug|Any CPU
		{C9A56B47-996F-4AF8-91CF-BCA06144C1DB}.Release|Any CPU.ActiveCfg = Release|Any CPU
		{C9A56B47-996F-4AF8-91CF-BCA06144C1DB}.Release|Any CPU.Build.0 = Release|Any CPU
	EndGlobalSection
	GlobalSection(SolutionProperties) = preSolution
		HideSolutionNode = FALSE
	EndGlobalSection
	GlobalSection(ExtensibilityGlobals) = postSolution
		SolutionGuid = {6DFF73FC-AF96-4436-B943-B8AF6C064C5F}
	EndGlobalSection
EndGlobal
